---
lockVersion: 1.0.0
dependencies:
  codeql/dataflow:
    version: 0.1.3
  codeql/mad:
    version: 0.2.3
  codeql/python-all:
    version: 0.11.3
  codeql/regex:
    version: 0.2.3
  codeql/ssa:
    version: 0.2.3
  codeql/tutorial:
    version: 0.2.3
  codeql/typetracking:
    version: 0.2.3
  codeql/util:
    version: 0.2.3
  codeql/yaml:
    version: 0.2.3
compiled: false
